{
    "_meta": {
        "hash": {
            "sha256": "60dc9719dc1783d3b5ff37556de578ed1901cdab39bfe52b701fcc32603b5e0a"
        },
        "pipfile-spec": 6,
        "requires": {
            "python_version": "3.7"
        },
        "sources": [
            {
                "name": "pypi",
                "url": "https://pypi.org/simple",
                "verify_ssl": true
            }
        ]
    },
    "default": {
        "aiofiles": {
            "hashes": [
                "sha256:7a973fc22b29e9962d0897805ace5856e6a566ab1f0c8e5c91ff6c866519c937",
                "sha256:8334f23235248a3b2e83b2c3a78a22674f39969b96397126cc93664d9a901e59"
            ],
            "version": "==0.8.0"
        },
        "alembic": {
            "hashes": [
                "sha256:cdb7d98bd5cbf65acd38d70b1c05573c432e6473a82f955cdea541b5c153b0cc"
            ],
            "index": "pypi",
            "version": "==1.0.11"
        },
        "aniso8601": {
            "hashes": [
                "sha256:1d2b7ef82963909e93c4f24ce48d4de9e66009a21bf1c1e1c85bdd0812fe412f",
                "sha256:72e3117667eedf66951bb2d93f4296a56b94b078a8a95905a052611fb3f1b973"
            ],
            "version": "==9.0.1"
        },
        "asgiref": {
            "hashes": [
                "sha256:1d2880b792ae8757289136f1db2b7b99100ce959b2aa57fd69dab783d05afac4",
                "sha256:4a29362a6acebe09bf1d6640db38c1dc3d9217c68e6f9f6204d72667fc19a424"
            ],
            "markers": "python_version >= '3.7'",
            "version": "==3.5.2"
        },
        "bcrypt": {
            "hashes": [
                "sha256:0258f143f3de96b7c14f762c770f5fc56ccd72f8a1857a451c1cd9a655d9ac89",
                "sha256:0b0069c752ec14172c5f78208f1863d7ad6755a6fae6fe76ec2c80d13be41e42",
                "sha256:19a4b72a6ae5bb467fea018b825f0a7d917789bcfe893e53f15c92805d187294",
                "sha256:436a487dec749bca7e6e72498a75a5fa2433bda13bac91d023e18df9089ae0b8",
                "sha256:5432dd7b34107ae8ed6c10a71b4397f1c853bd39a4d6ffa7e35f40584cffd161",
                "sha256:6305557019906466fc42dbc53b46da004e72fd7a551c044a827e572c82191752",
                "sha256:69361315039878c0680be456640f8705d76cb4a3a3fe1e057e0f261b74be4b31",
                "sha256:6fe49a60b25b584e2f4ef175b29d3a83ba63b3a4df1b4c0605b826668d1b6be5",
                "sha256:74a015102e877d0ccd02cdeaa18b32aa7273746914a6c5d0456dd442cb65b99c",
                "sha256:763669a367869786bb4c8fcf731f4175775a5b43f070f50f46f0b59da45375d0",
                "sha256:8b10acde4e1919d6015e1df86d4c217d3b5b01bb7744c36113ea43d529e1c3de",
                "sha256:9fe92406c857409b70a38729dbdf6578caf9228de0aef5bc44f859ffe971a39e",
                "sha256:a190f2a5dbbdbff4b74e3103cef44344bc30e61255beb27310e2aec407766052",
                "sha256:a595c12c618119255c90deb4b046e1ca3bcfad64667c43d1166f2b04bc72db09",
                "sha256:c9457fa5c121e94a58d6505cadca8bed1c64444b83b3204928a866ca2e599105",
                "sha256:cb93f6b2ab0f6853550b74e051d297c27a638719753eb9ff66d1e4072be67133",
                "sha256:ce4e4f0deb51d38b1611a27f330426154f2980e66582dc5f438aad38b5f24fc1",
                "sha256:d7bdc26475679dd073ba0ed2766445bb5b20ca4793ca0db32b399dccc6bc84b7",
                "sha256:ff032765bb8716d9387fd5376d987a937254b0619eff0972779515b5c98820bc"
            ],
            "index": "pypi",
            "version": "==3.1.7"
        },
        "certifi": {
            "hashes": [
                "sha256:9c5705e395cd70084351dd8ad5c41e65655e08ce46f2ec9cf6c2c08390f71eb7",
                "sha256:f1d53542ee8cbedbe2118b5686372fb33c297fcd6379b050cca0ef13a597382a"
            ],
            "markers": "python_version >= '3.6'",
            "version": "==2022.5.18.1"
        },
        "cffi": {
            "hashes": [
                "sha256:00c878c90cb53ccfaae6b8bc18ad05d2036553e6d9d1d9dbcf323bbe83854ca3",
                "sha256:0104fb5ae2391d46a4cb082abdd5c69ea4eab79d8d44eaaf79f1b1fd806ee4c2",
                "sha256:06c48159c1abed75c2e721b1715c379fa3200c7784271b3c46df01383b593636",
                "sha256:0808014eb713677ec1292301ea4c81ad277b6cdf2fdd90fd540af98c0b101d20",
                "sha256:10dffb601ccfb65262a27233ac273d552ddc4d8ae1bf93b21c94b8511bffe728",
                "sha256:14cd121ea63ecdae71efa69c15c5543a4b5fbcd0bbe2aad864baca0063cecf27",
                "sha256:17771976e82e9f94976180f76468546834d22a7cc404b17c22df2a2c81db0c66",
                "sha256:181dee03b1170ff1969489acf1c26533710231c58f95534e3edac87fff06c443",
                "sha256:23cfe892bd5dd8941608f93348c0737e369e51c100d03718f108bf1add7bd6d0",
                "sha256:263cc3d821c4ab2213cbe8cd8b355a7f72a8324577dc865ef98487c1aeee2bc7",
                "sha256:2756c88cbb94231c7a147402476be2c4df2f6078099a6f4a480d239a8817ae39",
                "sha256:27c219baf94952ae9d50ec19651a687b826792055353d07648a5695413e0c605",
                "sha256:2a23af14f408d53d5e6cd4e3d9a24ff9e05906ad574822a10563efcef137979a",
                "sha256:31fb708d9d7c3f49a60f04cf5b119aeefe5644daba1cd2a0fe389b674fd1de37",
                "sha256:3415c89f9204ee60cd09b235810be700e993e343a408693e80ce7f6a40108029",
                "sha256:3773c4d81e6e818df2efbc7dd77325ca0dcb688116050fb2b3011218eda36139",
                "sha256:3b96a311ac60a3f6be21d2572e46ce67f09abcf4d09344c49274eb9e0bf345fc",
                "sha256:3f7d084648d77af029acb79a0ff49a0ad7e9d09057a9bf46596dac9514dc07df",
                "sha256:41d45de54cd277a7878919867c0f08b0cf817605e4eb94093e7516505d3c8d14",
                "sha256:4238e6dab5d6a8ba812de994bbb0a79bddbdf80994e4ce802b6f6f3142fcc880",
                "sha256:45db3a33139e9c8f7c09234b5784a5e33d31fd6907800b316decad50af323ff2",
                "sha256:45e8636704eacc432a206ac7345a5d3d2c62d95a507ec70d62f23cd91770482a",
                "sha256:4958391dbd6249d7ad855b9ca88fae690783a6be9e86df65865058ed81fc860e",
                "sha256:4a306fa632e8f0928956a41fa8e1d6243c71e7eb59ffbd165fc0b41e316b2474",
                "sha256:57e9ac9ccc3101fac9d6014fba037473e4358ef4e89f8e181f8951a2c0162024",
                "sha256:59888172256cac5629e60e72e86598027aca6bf01fa2465bdb676d37636573e8",
                "sha256:5e069f72d497312b24fcc02073d70cb989045d1c91cbd53979366077959933e0",
                "sha256:64d4ec9f448dfe041705426000cc13e34e6e5bb13736e9fd62e34a0b0c41566e",
                "sha256:6dc2737a3674b3e344847c8686cf29e500584ccad76204efea14f451d4cc669a",
                "sha256:74fdfdbfdc48d3f47148976f49fab3251e550a8720bebc99bf1483f5bfb5db3e",
                "sha256:75e4024375654472cc27e91cbe9eaa08567f7fbdf822638be2814ce059f58032",
                "sha256:786902fb9ba7433aae840e0ed609f45c7bcd4e225ebb9c753aa39725bb3e6ad6",
                "sha256:8b6c2ea03845c9f501ed1313e78de148cd3f6cad741a75d43a29b43da27f2e1e",
                "sha256:91d77d2a782be4274da750752bb1650a97bfd8f291022b379bb8e01c66b4e96b",
                "sha256:91ec59c33514b7c7559a6acda53bbfe1b283949c34fe7440bcf917f96ac0723e",
                "sha256:920f0d66a896c2d99f0adbb391f990a84091179542c205fa53ce5787aff87954",
                "sha256:a5263e363c27b653a90078143adb3d076c1a748ec9ecc78ea2fb916f9b861962",
                "sha256:abb9a20a72ac4e0fdb50dae135ba5e77880518e742077ced47eb1499e29a443c",
                "sha256:c2051981a968d7de9dd2d7b87bcb9c939c74a34626a6e2f8181455dd49ed69e4",
                "sha256:c21c9e3896c23007803a875460fb786118f0cdd4434359577ea25eb556e34c55",
                "sha256:c2502a1a03b6312837279c8c1bd3ebedf6c12c4228ddbad40912d671ccc8a962",
                "sha256:d4d692a89c5cf08a8557fdeb329b82e7bf609aadfaed6c0d79f5a449a3c7c023",
                "sha256:da5db4e883f1ce37f55c667e5c0de439df76ac4cb55964655906306918e7363c",
                "sha256:e7022a66d9b55e93e1a845d8c9eba2a1bebd4966cd8bfc25d9cd07d515b33fa6",
                "sha256:ef1f279350da2c586a69d32fc8733092fd32cc8ac95139a00377841f59a3f8d8",
                "sha256:f54a64f8b0c8ff0b64d18aa76675262e1700f3995182267998c31ae974fbc382",
                "sha256:f5c7150ad32ba43a07c4479f40241756145a1f03b43480e058cfd862bf5041c7",
                "sha256:f6f824dc3bce0edab5f427efcfb1d63ee75b6fcb7282900ccaf925be84efb0fc",
                "sha256:fd8a250edc26254fe5b33be00402e6d287f562b6a5b2152dec302fa15bb3e997",
                "sha256:ffaa5c925128e29efbde7301d8ecaf35c8c60ffbcd6a1ffd3a552177c8e5e796"
            ],
            "version": "==1.15.0"
        },
        "charset-normalizer": {
            "hashes": [
                "sha256:2857e29ff0d34db842cd7ca3230549d1a697f96ee6d3fb071cfa6c7393832597",
                "sha256:6881edbebdb17b39b4eaaa821b438bf6eddffb4468cf344f09f89def34a8b1df"
            ],
            "markers": "python_version >= '3'",
            "version": "==2.0.12"
        },
        "click": {
            "hashes": [
                "sha256:7682dc8afb30297001674575ea00d1814d808d6a36af415a82bd481d37ba7b8e",
                "sha256:bb4d8133cb15a609f44e8213d9b391b0809795062913b383c62be0ee95b1db48"
            ],
            "markers": "python_version >= '3.7'",
            "version": "==8.1.3"
        },
        "dnspython": {
            "hashes": [
                "sha256:0f7569a4a6ff151958b64304071d370daa3243d15941a7beedf0c9fe5105603e",
                "sha256:a851e51367fb93e9e1361732c1d60dab63eff98712e503ea7d92e6eccb109b4f"
            ],
            "markers": "python_version >= '3.6' and python_version < '4'",
            "version": "==2.2.1"
        },
        "email-validator": {
            "hashes": [
                "sha256:6757aea012d40516357c0ac2b1a4c31219ab2f899d26831334c5d069e8b6c3d8",
                "sha256:c8589e691cf73eb99eed8d10ce0e9cbb05a0886ba920c8bcb7c82873f4c5789c"
            ],
            "version": "==1.2.1"
        },
        "fastapi": {
            "extras": [
                "all"
            ],
            "hashes": [
                "sha256:4bc46cf460ee60a8dc05e0bfb6fcddb1abc8a8043509bdd02f8757beac2d1f09",
                "sha256:e9bcd06c4919487aedda55cab53444feb1c09630f30522ca3640a0da45a6cfe3"
            ],
            "index": "pypi",
            "version": "==0.29.1"
        },
        "graphene": {
            "hashes": [
                "sha256:57ce5ee7c9dc194224a1df96e4f7cb48d31eae96c791091d059f8f3d4d131390",
                "sha256:af48066e152200a071aac1e0b703954c717ec7268720ba190a0c91d9bcb0a122"
            ],
            "version": "==3.0"
        },
        "graphql-core": {
            "hashes": [
                "sha256:62ec192150ccecd9a18cfb79e3e72eb7d1fd68fb594ef19c40099b6deec8ef0c",
                "sha256:9b460f60320be01c7f3b1766cf3e406933003008055079b9d983b8f3988f4400"
            ],
            "markers": "python_version >= '3.6' and python_version < '4'",
            "version": "==3.1.7"
        },
        "graphql-relay": {
            "hashes": [
                "sha256:127f40913f11cb847452ef794931261aae3b222eaaf976f7c8430298534e54d3",
                "sha256:d1455316182e1017d06f0b4d4a2ce8bafad38253a6c7c5666fc80d5d516ee5c8"
            ],
            "markers": "python_version >= '3.6' and python_version < '4'",
            "version": "==3.1.5"
        },
        "h11": {
            "hashes": [
                "sha256:70813c1135087a248a4d38cc0e1a0181ffab2188141a93eaf567940c3957ff06",
                "sha256:8ddd78563b633ca55346c8cd41ec0af27d3c79931828beffb46ce70a379e7442"
            ],
            "markers": "python_version >= '3.6'",
            "version": "==0.13.0"
        },
        "idna": {
            "hashes": [
                "sha256:84d9dd047ffa80596e0f246e2eab0b391788b0503584e8945f2368256d2735ff",
                "sha256:9d643ff0a55b762d5cdb124b8eaa99c66322e2157b69160bc32796e824360e6d"
            ],
            "markers": "python_version >= '3.5'",
            "version": "==3.3"
        },
        "importlib-metadata": {
            "hashes": [
                "sha256:5d26852efe48c0a32b0509ffbc583fda1a2266545a78d104a6f4aff3db17d700",
                "sha256:c58c8eb8a762858f49e18436ff552e83914778e50e9d2f1660535ffb364552ec"
            ],
            "markers": "python_version < '3.8'",
            "version": "==4.11.4"
        },
        "itsdangerous": {
            "hashes": [
                "sha256:2c2349112351b88699d8d4b6b075022c0808887cb7ad10069318a8b0bc88db44",
                "sha256:5dbbc68b317e5e42f327f9021763545dc3fc3bfe22e6deb96aaf1fc38874156a"
            ],
            "version": "==2.1.2"
        },
        "jinja2": {
            "hashes": [
                "sha256:31351a702a408a9e7595a8fc6150fc3f43bb6bf7e319770cbc0db9df9437e852",
                "sha256:6088930bfe239f0e6710546ab9c19c9ef35e29792895fed6e6e31a023a182a61"
            ],
            "version": "==3.1.2"
        },
        "mako": {
            "hashes": [
                "sha256:23aab11fdbbb0f1051b93793a58323ff937e98e34aece1c4219675122e57e4ba",
                "sha256:9a7c7e922b87db3686210cf49d5d767033a41d4010b284e747682c92bddd8b39"
            ],
            "markers": "python_version >= '3.7'",
            "version": "==1.2.0"
        },
        "markupsafe": {
            "hashes": [
                "sha256:0212a68688482dc52b2d45013df70d169f542b7394fc744c02a57374a4207003",
                "sha256:089cf3dbf0cd6c100f02945abeb18484bd1ee57a079aefd52cffd17fba910b88",
                "sha256:10c1bfff05d95783da83491be968e8fe789263689c02724e0c691933c52994f5",
                "sha256:33b74d289bd2f5e527beadcaa3f401e0df0a89927c1559c8566c066fa4248ab7",
                "sha256:3799351e2336dc91ea70b034983ee71cf2f9533cdff7c14c90ea126bfd95d65a",
                "sha256:3ce11ee3f23f79dbd06fb3d63e2f6af7b12db1d46932fe7bd8afa259a5996603",
                "sha256:421be9fbf0ffe9ffd7a378aafebbf6f4602d564d34be190fc19a193232fd12b1",
                "sha256:43093fb83d8343aac0b1baa75516da6092f58f41200907ef92448ecab8825135",
                "sha256:46d00d6cfecdde84d40e572d63735ef81423ad31184100411e6e3388d405e247",
                "sha256:4a33dea2b688b3190ee12bd7cfa29d39c9ed176bda40bfa11099a3ce5d3a7ac6",
                "sha256:4b9fe39a2ccc108a4accc2676e77da025ce383c108593d65cc909add5c3bd601",
                "sha256:56442863ed2b06d19c37f94d999035e15ee982988920e12a5b4ba29b62ad1f77",
                "sha256:671cd1187ed5e62818414afe79ed29da836dde67166a9fac6d435873c44fdd02",
                "sha256:694deca8d702d5db21ec83983ce0bb4b26a578e71fbdbd4fdcd387daa90e4d5e",
                "sha256:6a074d34ee7a5ce3effbc526b7083ec9731bb3cbf921bbe1d3005d4d2bdb3a63",
                "sha256:6d0072fea50feec76a4c418096652f2c3238eaa014b2f94aeb1d56a66b41403f",
                "sha256:6fbf47b5d3728c6aea2abb0589b5d30459e369baa772e0f37a0320185e87c980",
                "sha256:7f91197cc9e48f989d12e4e6fbc46495c446636dfc81b9ccf50bb0ec74b91d4b",
                "sha256:86b1f75c4e7c2ac2ccdaec2b9022845dbb81880ca318bb7a0a01fbf7813e3812",
                "sha256:8dc1c72a69aa7e082593c4a203dcf94ddb74bb5c8a731e4e1eb68d031e8498ff",
                "sha256:8e3dcf21f367459434c18e71b2a9532d96547aef8a871872a5bd69a715c15f96",
                "sha256:8e576a51ad59e4bfaac456023a78f6b5e6e7651dcd383bcc3e18d06f9b55d6d1",
                "sha256:96e37a3dc86e80bf81758c152fe66dbf60ed5eca3d26305edf01892257049925",
                "sha256:97a68e6ada378df82bc9f16b800ab77cbf4b2fada0081794318520138c088e4a",
                "sha256:99a2a507ed3ac881b975a2976d59f38c19386d128e7a9a18b7df6fff1fd4c1d6",
                "sha256:a49907dd8420c5685cfa064a1335b6754b74541bbb3706c259c02ed65b644b3e",
                "sha256:b09bf97215625a311f669476f44b8b318b075847b49316d3e28c08e41a7a573f",
                "sha256:b7bd98b796e2b6553da7225aeb61f447f80a1ca64f41d83612e6139ca5213aa4",
                "sha256:b87db4360013327109564f0e591bd2a3b318547bcef31b468a92ee504d07ae4f",
                "sha256:bcb3ed405ed3222f9904899563d6fc492ff75cce56cba05e32eff40e6acbeaa3",
                "sha256:d4306c36ca495956b6d568d276ac11fdd9c30a36f1b6eb928070dc5360b22e1c",
                "sha256:d5ee4f386140395a2c818d149221149c54849dfcfcb9f1debfe07a8b8bd63f9a",
                "sha256:dda30ba7e87fbbb7eab1ec9f58678558fd9a6b8b853530e176eabd064da81417",
                "sha256:e04e26803c9c3851c931eac40c695602c6295b8d432cbe78609649ad9bd2da8a",
                "sha256:e1c0b87e09fa55a220f058d1d49d3fb8df88fbfab58558f1198e08c1e1de842a",
                "sha256:e72591e9ecd94d7feb70c1cbd7be7b3ebea3f548870aa91e2732960fa4d57a37",
                "sha256:e8c843bbcda3a2f1e3c2ab25913c80a3c5376cd00c6e8c4a86a89a28c8dc5452",
                "sha256:efc1913fd2ca4f334418481c7e595c00aad186563bbc1ec76067848c7ca0a933",
                "sha256:f121a1420d4e173a5d96e47e9a0c0dcff965afdf1626d28de1460815f7c4ee7a",
                "sha256:fc7b548b17d238737688817ab67deebb30e8073c95749d55538ed473130ec0c7"
            ],
            "markers": "python_version >= '3.7'",
            "version": "==2.1.1"
        },
        "passlib": {
            "extras": [
                "bcrypt"
            ],
            "hashes": [
                "sha256:3d948f64138c25633613f303bcc471126eae67c04d5e3f6b7b8ce6242f8653e0",
                "sha256:43526aea08fa32c6b6dbbbe9963c4c767285b78147b7437597f992812f69d280"
            ],
            "index": "pypi",
            "version": "==1.7.1"
        },
        "psycopg2": {
            "hashes": [
                "sha256:128d0fa910ada0157bba1cb74a9c5f92bb8a1dca77cf91a31eb274d1f889e001",
                "sha256:227fd46cf9b7255f07687e5bde454d7d67ae39ca77e170097cdef8ebfc30c323",
                "sha256:2315e7f104681d498ccf6fd70b0dba5bce65d60ac92171492bfe228e21dcc242",
                "sha256:4b5417dcd2999db0f5a891d54717cfaee33acc64f4772c4bc574d4ff95ed9d80",
                "sha256:640113ddc943522aaf71294e3f2d24013b0edd659b7820621492c9ebd3a2fb0b",
                "sha256:897a6e838319b4bf648a574afb6cabcb17d0488f8c7195100d48d872419f4457",
                "sha256:8dceca81409898c870e011c71179454962dec152a1a6b86a347f4be74b16d864",
                "sha256:b1b8e41da09a0c3ef0b3d4bb72da0dde2abebe583c1e8462973233fd5ad0235f",
                "sha256:cb407fccc12fc29dc331f2b934913405fa49b9b75af4f3a72d0f50f57ad2ca23",
                "sha256:d3a27550a8185e53b244ad7e79e307594b92fede8617d80200a8cce1fba2c60f",
                "sha256:f0e6b697a975d9d3ccd04135316c947dd82d841067c7800ccf622a8717e98df1"
            ],
            "index": "pypi",
            "version": "==2.8.3"
        },
        "pycparser": {
            "hashes": [
                "sha256:8ee45429555515e1f6b185e78100aea234072576aa43ab53aefcae078162fca9",
                "sha256:e644fdec12f7872f86c58ff790da456218b10f863970249516d60a5eaca77206"
            ],
            "version": "==2.21"
        },
        "pydantic": {
            "hashes": [
                "sha256:b72e0df2463cee746cf42639845d4106c19f30136375e779352d710e69617731",
                "sha256:dab99d3070e040b8b2e987dfbe237350ab92d5d57a22d4e0e268ede2d85c7964"
            ],
            "markers": "python_version >= '3.6'",
            "version": "==0.26"
        },
        "pyjwt": {
            "hashes": [
                "sha256:72d1d253f32dbd4f5c88eaf1fdc62f3a19f676ccbadb9dbc5d07e951b2b26daf",
                "sha256:d42908208c699b3b973cbeb01a969ba6a96c821eefb1c5bfe4c390c01d67abba"
            ],
            "index": "pypi",
            "version": "==2.4.0"
        },
        "python-dateutil": {
            "hashes": [
                "sha256:0123cacc1627ae19ddf3c27a5de5bd67ee4586fbdd6440d9748f8abb483d3e86",
                "sha256:961d03dc3453ebbc59dbdea9e4e11c5651520a876d0f4db161e8674aae935da9"
            ],
            "markers": "python_version >= '2.7' and python_version not in '3.0, 3.1, 3.2, 3.3'",
            "version": "==2.8.2"
        },
        "python-dotenv": {
            "hashes": [
                "sha256:debd928b49dbc2bf68040566f55cdb3252458036464806f4094487244e2a4093",
                "sha256:f157d71d5fec9d4bd5f51c82746b6344dffa680ee85217c123f4a0c8117c4544"
            ],
            "index": "pypi",
            "version": "==0.10.3"
        },
        "python-editor": {
            "hashes": [
                "sha256:1bf6e860a8ad52a14c3ee1252d5dc25b2030618ed80c022598f00176adc8367d",
                "sha256:51fda6bcc5ddbbb7063b2af7509e43bd84bfc32a4ff71349ec7847713882327b",
                "sha256:5f98b069316ea1c2ed3f67e7f5df6c0d8f10b689964a4a811ff64f0106819ec8",
                "sha256:c3da2053dbab6b29c94e43c486ff67206eafbe7eb52dbec7390b5e2fb05aac77",
                "sha256:ea87e17f6ec459e780e4221f295411462e0d0810858e055fc514684350a2f522"
            ],
            "version": "==1.0.4"
        },
        "python-multipart": {
            "hashes": [
                "sha256:f7bb5f611fc600d15fa47b3974c8aa16e93724513b49b5f95c81e6624c83fa43"
            ],
            "version": "==0.0.5"
        },
        "pyyaml": {
            "hashes": [
                "sha256:0283c35a6a9fbf047493e3a0ce8d79ef5030852c51e9d911a27badfde0605293",
                "sha256:055d937d65826939cb044fc8c9b08889e8c743fdc6a32b33e2390f66013e449b",
                "sha256:07751360502caac1c067a8132d150cf3d61339af5691fe9e87803040dbc5db57",
                "sha256:0b4624f379dab24d3725ffde76559cff63d9ec94e1736b556dacdfebe5ab6d4b",
                "sha256:0ce82d761c532fe4ec3f87fc45688bdd3a4c1dc5e0b4a19814b9009a29baefd4",
                "sha256:1e4747bc279b4f613a09eb64bba2ba602d8a6664c6ce6396a4d0cd413a50ce07",
                "sha256:213c60cd50106436cc818accf5baa1aba61c0189ff610f64f4a3e8c6726218ba",
                "sha256:231710d57adfd809ef5d34183b8ed1eeae3f76459c18fb4a0b373ad56bedcdd9",
                "sha256:277a0ef2981ca40581a47093e9e2d13b3f1fbbeffae064c1d21bfceba2030287",
                "sha256:2cd5df3de48857ed0544b34e2d40e9fac445930039f3cfe4bcc592a1f836d513",
                "sha256:40527857252b61eacd1d9af500c3337ba8deb8fc298940291486c465c8b46ec0",
                "sha256:473f9edb243cb1935ab5a084eb238d842fb8f404ed2193a915d1784b5a6b5fc0",
                "sha256:48c346915c114f5fdb3ead70312bd042a953a8ce5c7106d5bfb1a5254e47da92",
                "sha256:50602afada6d6cbfad699b0c7bb50d5ccffa7e46a3d738092afddc1f9758427f",
                "sha256:68fb519c14306fec9720a2a5b45bc9f0c8d1b9c72adf45c37baedfcd949c35a2",
                "sha256:77f396e6ef4c73fdc33a9157446466f1cff553d979bd00ecb64385760c6babdc",
                "sha256:819b3830a1543db06c4d4b865e70ded25be52a2e0631ccd2f6a47a2822f2fd7c",
                "sha256:897b80890765f037df3403d22bab41627ca8811ae55e9a722fd0392850ec4d86",
                "sha256:98c4d36e99714e55cfbaaee6dd5badbc9a1ec339ebfc3b1f52e293aee6bb71a4",
                "sha256:9df7ed3b3d2e0ecfe09e14741b857df43adb5a3ddadc919a2d94fbdf78fea53c",
                "sha256:9fa600030013c4de8165339db93d182b9431076eb98eb40ee068700c9c813e34",
                "sha256:a80a78046a72361de73f8f395f1f1e49f956c6be882eed58505a15f3e430962b",
                "sha256:b3d267842bf12586ba6c734f89d1f5b871df0273157918b0ccefa29deb05c21c",
                "sha256:b5b9eccad747aabaaffbc6064800670f0c297e52c12754eb1d976c57e4f74dcb",
                "sha256:c5687b8d43cf58545ade1fe3e055f70eac7a5a1a0bf42824308d868289a95737",
                "sha256:cba8c411ef271aa037d7357a2bc8f9ee8b58b9965831d9e51baf703280dc73d3",
                "sha256:d15a181d1ecd0d4270dc32edb46f7cb7733c7c508857278d3d378d14d606db2d",
                "sha256:d4db7c7aef085872ef65a8fd7d6d09a14ae91f691dec3e87ee5ee0539d516f53",
                "sha256:d4eccecf9adf6fbcc6861a38015c2a64f38b9d94838ac1810a9023a0609e1b78",
                "sha256:d67d839ede4ed1b28a4e8909735fc992a923cdb84e618544973d7dfc71540803",
                "sha256:daf496c58a8c52083df09b80c860005194014c3698698d1a57cbcfa182142a3a",
                "sha256:e61ceaab6f49fb8bdfaa0f92c4b57bcfbea54c09277b1b4f7ac376bfb7a7c174",
                "sha256:f84fbc98b019fef2ee9a1cb3ce93e3187a6df0b2538a651bfb890254ba9f90b5"
            ],
            "version": "==6.0"
        },
        "requests": {
            "hashes": [
                "sha256:68d7c56fd5a8999887728ef304a6d12edc7be74f1cfa47714fc8b414525c9a61",
                "sha256:f22fa1e554c9ddfd16e6e41ac79759e17be9e492b3587efa038054674760e72d"
            ],
            "version": "==2.27.1"
        },
        "six": {
            "hashes": [
                "sha256:1e61c37477a1626458e36f7b1d82aa5c9b094fa4802892072e49de9c60c4c926",
                "sha256:8abb2f1d86890a2dfb989f9a77cfcfd3e47c2a354b01111771326f8aa26e0254"
            ],
            "markers": "python_version >= '2.7' and python_version not in '3.0, 3.1, 3.2, 3.3'",
            "version": "==1.16.0"
        },
        "sqlalchemy": {
            "hashes": [
                "sha256:c30925d60af95443458ebd7525daf791f55762b106049ae71e18f8dd58084c2f"
            ],
            "index": "pypi",
            "version": "==1.3.5"
        },
        "starlette": {
            "hashes": [
                "sha256:d313433ef5cc38e0a276b59688ca2b11b8f031c78808c1afdf9d55cb86f34590"
            ],
            "markers": "python_version >= '3.6'",
            "version": "==0.12.0"
        },
        "typing-extensions": {
            "hashes": [
                "sha256:6657594ee297170d19f67d55c05852a874e7eb634f4f753dbd667855e07c1708",
                "sha256:f1c24655a0da0d1b67f07e17a5e6b2a105894e6824b92096378bb3668ef02376"
            ],
            "markers": "python_version < '3.8'",
            "version": "==4.2.0"
        },
        "ujson": {
            "hashes": [
                "sha256:034c07399dff35385ecc53caf9b1f12b3e203834de27b723daeb2cbb3e02ee7f",
                "sha256:089965f964d17905c48cdca88b982d525165e549b438ac86f194c6a9d852fd69",
                "sha256:1358621686ddfda55171fc98c171bf5b1a80ce4d444134b70e1e449925fa014f",
                "sha256:151faa9085c10351a04aea959a2bc25dfa2e21af26d9b614a221d045b7923ea4",
                "sha256:285082924747958aa69e1dc2146c01db6b0921a0bb04b595beefe7fcffaffaf9",
                "sha256:287dea79473ce4941598c45dc34f9f692d48d7863b451541c5ce960ab54465fb",
                "sha256:2db7cbe415d7329b9bff029a83851d1077836ec728fe1c32be34c9c3a5017ab2",
                "sha256:34592a3c9370745b093ebca60aee6d32f8e7abe3d5c12d54c7dba0b2f81cd863",
                "sha256:47bf966e1041ae8e568d7e8eb421d72d0521c30c28306b76c256832553e316c6",
                "sha256:48bed7c1f95484644a2cc658efff4d1e75b8c806f6ef2b5c815f59e1cbe0d039",
                "sha256:4dc79db757b0dfa23a111a4573827a6ef57de65dbe8cdb202e45cf9ddf06aad5",
                "sha256:510c3705b29bc3753ec9e6073b99000160320c1cf6e035884295401acb474dfa",
                "sha256:5192505798a5734a85c763eff11e6f6072d3595c337b52f72922b4e22fe66e2e",
                "sha256:522b1d60872bb6368c14ac538adb55ca9d6c39a7a962832819ef1aafb3446ff5",
                "sha256:563b7ed1e789f763410c49e6fab51d61982eb94088b25338e65b89ad20b6b107",
                "sha256:5700a179abacbdc8609737e595a598b7f107cd68615ded3f922f4c0d4b6009d6",
                "sha256:5a87e1c05f1efc23c67bfa26be79f12c1f59f71a586b396068d5cf7eb78a2635",
                "sha256:612015c6e5a9bf041b89f1eaa8ab8682469b3a745a00c7c95bbbee8080f6b346",
                "sha256:66f857d8b8d7ea44e3fd5f2b7e471334f24b735423729771f5a7a7f69ab645ed",
                "sha256:6aba1e39ffdd83ec14832ea25bbb18266fea46bc69b8c0acbd996495826c0e6f",
                "sha256:6c5d19fbdd29d5080926c863ba89591a2d3dbf592ea35b456cb2996004433d11",
                "sha256:73636001055667bbcc6a73b232da1d272f68a49a1f192efbe99e99ddf8ef1d21",
                "sha256:7455fc3d69315149b95fd011c01496a5e9442c9e7c4d202bed87c5c2e449ed05",
                "sha256:7d2cb50aa526032b8812975c3832058763ee50e1dc3a1302431ed9d0922c3a1b",
                "sha256:865225a85e4ce48754d0036fdc0eb796b4aaf4f1e928f0efb9b4e1c081647a4c",
                "sha256:8a2cbb044bc6e6764b9a089a2079432b8bd576dbff5faa808b562a8f3c97452b",
                "sha256:8c734982d6560356c173817576a1f3fa074a2d2b993e63bffa69105ae9ec144b",
                "sha256:8dd74570fe59c738d4dc12d44eb89538b0b01fae9dda6cfe3ff3f6934877cf35",
                "sha256:972c1850cc52e57ccdea70e3c069e2da5c6090e3ee18d167dff2618a8d7dd127",
                "sha256:a014531468b78c031aa04e5ca8b64385a6edb48a2e66ebf11093213c678fc383",
                "sha256:a4fe193050b519ace09f7d053def30b99deadf650c18a8a874ea0f6c9a2992bc",
                "sha256:a609bb1cdda9748e6a8363039926dee5ea2bcc073412279615560b967f92a524",
                "sha256:a68d5a8a46712ffe86db8ae1b4311714db534725521c71fd4c9e1cd062dae9a4",
                "sha256:a720b6eff73415249a3dd02e2b1b337de31bb9fa8220bd572dffba23066e538c",
                "sha256:a933b3a238a48162c382e0ac338b97663d044b0485021b6670565a81e7b7ec98",
                "sha256:ab938777b3ac0372231ee654a7f6a13787e587b1ca268d8aa7e6fb6846e477d0",
                "sha256:b3e6431812d8008dce7b2546b1276f649f6c9aa44617762ebd3529a25092816c",
                "sha256:b926f2f7a266db8f2c46498f0c2c9fcc7e53c8e0fa8bff7f08ad9c044723a2ec",
                "sha256:bad1471ccfa8d100a0bc513c6db587c38de99384f2aa54eec1016a131d63d3d9",
                "sha256:c1408ea1704017289c3023928065233b90953aae3e1d7d06d6d6db667e9fe159",
                "sha256:c5696c99a7dd567566c18490e8e346b2657967feb1e3c2004e91dbb253db0894",
                "sha256:ca5eced4ae4ba1e2c9539fca6451694d31e0243de2acfcd6965e2b6e159ba29b",
                "sha256:d1fab398734634f4b412512ed230d45522fc9f3dd9ca169f579474a491f662aa",
                "sha256:d45e86101a5cddd295d5870b02244fc87ecd9b8936f440acbd2bb30b4c1fe23c",
                "sha256:d4830c8df958c45c16dfc43c8353403efd7f1a8e39b91a7e0e848d55b7fa8b48",
                "sha256:d553f31bceda492c2bda37f48873820d28f07608ae14409c5e9d6c3aa6694840",
                "sha256:decd32e8d7f934dde484e43431f60b069e87bb30a3a7e186cb6bd69caa0418f3",
                "sha256:e7961c493a982c03cffc9ce4dc2b23bed1375352296f946cc36ddeb5145fa62c",
                "sha256:ed9809bc36292e0d3632d50aae497b5827c1a2e07158f7d4d5c53e8e8662bf66",
                "sha256:f615ee181b813c8f50a57d55354d0c0304a0be066962efdbef6f44517b26e3b2"
            ],
            "version": "==5.3.0"
        },
        "urllib3": {
            "hashes": [
                "sha256:44ece4d53fb1706f667c9bd1c648f5469a2ec925fcf3a776667042d645472c14",
                "sha256:aabaf16477806a5e1dd19aa41f8c2b7950dd3c746362d7e3223dbe6de6ac448e"
            ],
            "markers": "python_version >= '2.7' and python_version not in '3.0, 3.1, 3.2, 3.3, 3.4' and python_version < '4'",
            "version": "==1.26.9"
        },
        "uvicorn": {
            "hashes": [
                "sha256:19e2a0e96c9ac5581c01eb1a79a7d2f72bb479691acd2b8921fce48ed5b961a6",
                "sha256:5180f9d059611747d841a4a4c4ab675edf54c8489e97f96d0583ee90ac3bfc23"
            ],
            "version": "==0.17.6"
        },
        "zipp": {
            "hashes": [
                "sha256:56bf8aadb83c24db6c4b577e13de374ccfb67da2078beba1d037c17980bf43ad",
                "sha256:c4f6e5bbf48e74f7a38e7cc5b0480ff42b0ae5178957d564d18932525d5cf099"
            ],
            "markers": "python_version >= '3.7'",
            "version": "==3.8.0"
        }
    },
    "develop": {}
}
